
Microsoft Visual Studio Solution File, Format Version 12.00
# Visual Studio 15
VisualStudioVersion = 15.0.28307.329
MinimumVisualStudioVersion = 10.0.40219.1
Project("{8BC9CEB8-8B4A-11D0-8D11-00A0C91BC942}") = "Stack", "Stack\Stack.vcxproj", "{6A76A3B7-B2FC-472E-B8B6-B44190E01812}"
EndProject
Global
	GlobalSection(SolutionConfigurationPlatforms) = preSolution
		Debug|x64 = Debug|x64
		Debug|x86 = Debug|x86
		Release|x64 = Release|x64
		Release|x86 = Release|x86
	EndGlobalSection
	GlobalSection(ProjectConfigurationPlatforms) = postSolution
		{6A76A3B7-B2FC-472E-B8B6-B44190E01812}.Debug|x64.ActiveCfg = Debug|x64
		{6A76A3B7-B2FC-472E-B8B6-B44190E01812}.Debug|x64.Build.0 = Debug|x64
		{6A76A3B7-B2FC-472E-B8B6-B44190E01812}.Debug|x86.ActiveCfg = Debug|Win32
		{6A76A3B7-B2FC-472E-B8B6-B44190E01812}.Debug|x86.Build.0 = Debug|Win32
		{6A76A3B7-B2FC-472E-B8B6-B44190E01812}.Release|x64.ActiveCfg = Release|x64
		{6A76A3B7-B2FC-472E-B8B6-B44190E01812}.Release|x64.Build.0 = Release|x64
		{6A76A3B7-B2FC-472E-B8B6-B44190E01812}.Release|x86.ActiveCfg = Release|Win32
		{6A76A3B7-B2FC-472E-B8B6-B44190E01812}.Release|x86.Build.0 = Release|Win32
	EndGlobalSection
	GlobalSection(SolutionProperties) = preSolution
		HideSolutionNode = FALSE
	EndGlobalSection
	GlobalSection(ExtensibilityGlobals) = postSolution
		SolutionGuid = {8CECD5F6-C4C3-4F6C-9281-3FE6E5019C7D}
	EndGlobalSection
EndGlobal
